
Microsoft Visual Studio Solution File, Format Version 12.00
# Visual Studio Version 16
VisualStudioVersion = 16.0.30517.126
MinimumVisualStudioVersion = 10.0.40219.1
Project("{9A19103F-16F7-4668-BE54-9A1E7A4F7556}") = "BillsToPay", "BillsToPay\BillsToPay.csproj", "{0A55DDDE-BDF2-43D1-86D2-8C8E54860715}"
EndProject
Project("{9A19103F-16F7-4668-BE54-9A1E7A4F7556}") = "Models", "Models\Models.csproj", "{45C74CB4-823E-43FC-A52A-6206985623C0}"
EndProject
Project("{9A19103F-16F7-4668-BE54-9A1E7A4F7556}") = "Repository", "Repository\Repository.csproj", "{B34E04C7-17C7-43AB-AAD0-6EE50FE80416}"
EndProject
Project("{FAE04EC0-301F-11D3-BF4B-00C04F79EFBC}") = "Business", "Business\Business.csproj", "{F9AF09B9-C3FB-4186-9935-716E200C1914}"
EndProject
Project("{FAE04EC0-301F-11D3-BF4B-00C04F79EFBC}") = "BillsToPay.Test", "BillsToPay.Test\BillsToPay.Test.csproj", "{624BD0AB-82F5-48B8-AFEC-3105E0965C70}"
EndProject
Global
	GlobalSection(SolutionConfigurationPlatforms) = preSolution
		Debug|Any CPU = Debug|Any CPU
		Release|Any CPU = Release|Any CPU
	EndGlobalSection
	GlobalSection(ProjectConfigurationPlatforms) = postSolution
		{0A55DDDE-BDF2-43D1-86D2-8C8E54860715}.Debug|Any CPU.ActiveCfg = Debug|Any CPU
		{0A55DDDE-BDF2-43D1-86D2-8C8E54860715}.Debug|Any CPU.Build.0 = Debug|Any CPU
		{0A55DDDE-BDF2-43D1-86D2-8C8E54860715}.Release|Any CPU.ActiveCfg = Release|Any CPU
		{0A55DDDE-BDF2-43D1-86D2-8C8E54860715}.Release|Any CPU.Build.0 = Release|Any CPU
		{45C74CB4-823E-43FC-A52A-6206985623C0}.Debug|Any CPU.ActiveCfg = Debug|Any CPU
		{45C74CB4-823E-43FC-A52A-6206985623C0}.Debug|Any CPU.Build.0 = Debug|Any CPU
		{45C74CB4-823E-43FC-A52A-6206985623C0}.Release|Any CPU.ActiveCfg = Release|Any CPU
		{45C74CB4-823E-43FC-A52A-6206985623C0}.Release|Any CPU.Build.0 = Release|Any CPU
		{B34E04C7-17C7-43AB-AAD0-6EE50FE80416}.Debug|Any CPU.ActiveCfg = Debug|Any CPU
		{B34E04C7-17C7-43AB-AAD0-6EE50FE80416}.Debug|Any CPU.Build.0 = Debug|Any CPU
		{B34E04C7-17C7-43AB-AAD0-6EE50FE80416}.Release|Any CPU.ActiveCfg = Release|Any CPU
		{B34E04C7-17C7-43AB-AAD0-6EE50FE80416}.Release|Any CPU.Build.0 = Release|Any CPU
		{F9AF09B9-C3FB-4186-9935-716E200C1914}.Debug|Any CPU.ActiveCfg = Debug|Any CPU
		{F9AF09B9-C3FB-4186-9935-716E200C1914}.Debug|Any CPU.Build.0 = Debug|Any CPU
		{F9AF09B9-C3FB-4186-9935-716E200C1914}.Release|Any CPU.ActiveCfg = Release|Any CPU
		{F9AF09B9-C3FB-4186-9935-716E200C1914}.Release|Any CPU.Build.0 = Release|Any CPU
		{624BD0AB-82F5-48B8-AFEC-3105E0965C70}.Debug|Any CPU.ActiveCfg = Debug|Any CPU
		{624BD0AB-82F5-48B8-AFEC-3105E0965C70}.Debug|Any CPU.Build.0 = Debug|Any CPU
		{624BD0AB-82F5-48B8-AFEC-3105E0965C70}.Release|Any CPU.ActiveCfg = Release|Any CPU
		{624BD0AB-82F5-48B8-AFEC-3105E0965C70}.Release|Any CPU.Build.0 = Release|Any CPU
	EndGlobalSection
	GlobalSection(SolutionProperties) = preSolution
		HideSolutionNode = FALSE
	EndGlobalSection
	GlobalSection(ExtensibilityGlobals) = postSolution
		SolutionGuid = {809DB5BB-7DCA-4BD6-BB8E-DF412CDDB16C}
	EndGlobalSection
EndGlobal
